
Microsoft Visual Studio Solution File, Format Version 12.00
# Visual Studio Version 16
VisualStudioVersion = 16.0.30503.244
MinimumVisualStudioVersion = 10.0.40219.1
Project("{9A19103F-16F7-4668-BE54-9A1E7A4F7556}") = "ClassLibrary", "ClassLibrary\ClassLibrary.csproj", "{414D113F-57A7-4A6A-B0C7-AAB2CEAC9752}"
EndProject
Project("{9A19103F-16F7-4668-BE54-9A1E7A4F7556}") = "CovidNumbers", "CovidNumbers\CovidNumbers.csproj", "{07895C18-AB05-4BD5-8695-74EAC72F2986}"
EndProject
Project("{2150E333-8FDC-42A3-9474-1A3956D46DE8}") = "mojo", "mojo", "{425652FA-9A6C-4691-B444-5982F4471DAD}"
	ProjectSection(SolutionItems) = preProject
		D:\temp\CoronaBucket\BucketScript.ps1 = D:\temp\CoronaBucket\BucketScript.ps1
		D:\temp\CoronaBucket\country.xml = D:\temp\CoronaBucket\country.xml
		D:\temp\CoronaBucket\state.xml = D:\temp\CoronaBucket\state.xml
		D:\temp\CoronaBucket\worldwide.xml = D:\temp\CoronaBucket\worldwide.xml
	EndProjectSection
EndProject
Project("{FAE04EC0-301F-11D3-BF4B-00C04F79EFBC}") = "CovidDisplay", "CovidDisplay\CovidDisplay.csproj", "{488B7E77-6D0C-45A6-8A98-5082F822132E}"
EndProject
Project("{FAE04EC0-301F-11D3-BF4B-00C04F79EFBC}") = "Classes", "Classes\Classes.csproj", "{E7C28FDD-0F6B-47FA-969F-6EE784FE27FF}"
EndProject
Global
	GlobalSection(SolutionConfigurationPlatforms) = preSolution
		Debug|Any CPU = Debug|Any CPU
		Release|Any CPU = Release|Any CPU
	EndGlobalSection
	GlobalSection(ProjectConfigurationPlatforms) = postSolution
		{414D113F-57A7-4A6A-B0C7-AAB2CEAC9752}.Debug|Any CPU.ActiveCfg = Debug|Any CPU
		{414D113F-57A7-4A6A-B0C7-AAB2CEAC9752}.Debug|Any CPU.Build.0 = Debug|Any CPU
		{414D113F-57A7-4A6A-B0C7-AAB2CEAC9752}.Release|Any CPU.ActiveCfg = Release|Any CPU
		{414D113F-57A7-4A6A-B0C7-AAB2CEAC9752}.Release|Any CPU.Build.0 = Release|Any CPU
		{07895C18-AB05-4BD5-8695-74EAC72F2986}.Debug|Any CPU.ActiveCfg = Debug|Any CPU
		{07895C18-AB05-4BD5-8695-74EAC72F2986}.Debug|Any CPU.Build.0 = Debug|Any CPU
		{07895C18-AB05-4BD5-8695-74EAC72F2986}.Release|Any CPU.ActiveCfg = Release|Any CPU
		{07895C18-AB05-4BD5-8695-74EAC72F2986}.Release|Any CPU.Build.0 = Release|Any CPU
		{488B7E77-6D0C-45A6-8A98-5082F822132E}.Debug|Any CPU.ActiveCfg = Debug|Any CPU
		{488B7E77-6D0C-45A6-8A98-5082F822132E}.Debug|Any CPU.Build.0 = Debug|Any CPU
		{488B7E77-6D0C-45A6-8A98-5082F822132E}.Release|Any CPU.ActiveCfg = Release|Any CPU
		{488B7E77-6D0C-45A6-8A98-5082F822132E}.Release|Any CPU.Build.0 = Release|Any CPU
		{E7C28FDD-0F6B-47FA-969F-6EE784FE27FF}.Debug|Any CPU.ActiveCfg = Debug|Any CPU
		{E7C28FDD-0F6B-47FA-969F-6EE784FE27FF}.Debug|Any CPU.Build.0 = Debug|Any CPU
		{E7C28FDD-0F6B-47FA-969F-6EE784FE27FF}.Release|Any CPU.ActiveCfg = Release|Any CPU
		{E7C28FDD-0F6B-47FA-969F-6EE784FE27FF}.Release|Any CPU.Build.0 = Release|Any CPU
	EndGlobalSection
	GlobalSection(SolutionProperties) = preSolution
		HideSolutionNode = FALSE
	EndGlobalSection
	GlobalSection(ExtensibilityGlobals) = postSolution
		SolutionGuid = {4898EAB0-BE1B-4410-8CEE-2F7FD0317B5C}
	EndGlobalSection
EndGlobal
